
Microsoft Visual Studio Solution File, Format Version 12.00
# Blend for Visual Studio 15
VisualStudioVersion = 15.0.26430.6
MinimumVisualStudioVersion = 10.0.40219.1
Project("{2150E333-8FDC-42A3-9474-1A3956D46DE8}") = "Strategy", "Strategy", "{1C4E1D80-235D-4488-87E0-AD60BE8445E5}"
EndProject
Project("{2150E333-8FDC-42A3-9474-1A3956D46DE8}") = "Condition", "Condition", "{C1465921-64F0-41D7-AC18-BC4BE0943EEB}"
EndProject
Project("{2150E333-8FDC-42A3-9474-1A3956D46DE8}") = "MarketDataSupport", "MarketDataSupport", "{0AFCEC5B-5E0D-443B-8C13-4925B0ACA72D}"
EndProject
Project("{FAE04EC0-301F-11D3-BF4B-00C04F79EFBC}") = "BackTestingCommonLib", "BackTestingCommonLib\BackTestingCommonLib.csproj", "{89631850-33C2-4C88-AC09-D8469DB3E900}"
EndProject
Project("{FAE04EC0-301F-11D3-BF4B-00C04F79EFBC}") = "BackTestingInterface", "BackTestingInterface\BackTestingInterface.csproj", "{356D766F-F92C-41E9-93F3-DE6599B96955}"
EndProject
Project("{FAE04EC0-301F-11D3-BF4B-00C04F79EFBC}") = "CommonLib", "CommonLib\CommonLib.csproj", "{A184933B-92C1-44FB-BE21-AE742BE5B8CE}"
EndProject
Project("{FAE04EC0-301F-11D3-BF4B-00C04F79EFBC}") = "CommonLibForWPF", "CommonLibForWPF\CommonLibForWPF.csproj", "{D95EA682-2ECD-42E6-9A19-4098828A07B0}"
EndProject
Project("{FAE04EC0-301F-11D3-BF4B-00C04F79EFBC}") = "ReportCommonLib", "ReportCommonLib\ReportCommonLib.csproj", "{4AB9468D-C727-4453-BB7C-73664849EC13}"
EndProject
Project("{FAE04EC0-301F-11D3-BF4B-00C04F79EFBC}") = "BasicFundamentalCondition", "Conditions\BasicFundamentalCondition\BasicFundamentalCondition.csproj", "{E3E3B04A-ED22-4E2B-A638-6037F61D5236}"
EndProject
Project("{FAE04EC0-301F-11D3-BF4B-00C04F79EFBC}") = "HighPriceCondition", "Conditions\HighPriceCondition\HighPriceCondition.csproj", "{A07AA5C9-9E56-4AF5-ACDD-E77BA42D1138}"
EndProject
Project("{FAE04EC0-301F-11D3-BF4B-00C04F79EFBC}") = "KDJCondition", "Conditions\KDJCondition\KDJCondition.csproj", "{CBD8C622-0FDE-42E8-9B63-EB30C9C6ACDC}"
EndProject
Project("{FAE04EC0-301F-11D3-BF4B-00C04F79EFBC}") = "MACDGoldCrossCondition", "Conditions\MACDGoldCrossCondition\MACDGoldCrossCondition.csproj", "{C7F3E680-75E2-4F70-8AFC-4E848E349415}"
EndProject
Project("{FAE04EC0-301F-11D3-BF4B-00C04F79EFBC}") = "MALongArrangeCondition", "Conditions\MALongArrangeCondition\MALongArrangeCondition.csproj", "{7E5D156A-D34D-459D-A745-B04DA116E287}"
EndProject
Project("{FAE04EC0-301F-11D3-BF4B-00C04F79EFBC}") = "VolumeCondition", "Conditions\VolumeCondition\VolumeCondition.csproj", "{97439902-1314-4A60-AD3E-28BC709522EE}"
EndProject
Project("{FAE04EC0-301F-11D3-BF4B-00C04F79EFBC}") = "Fill5MinutesData", "MarketDataSupport\Fill5MinutesData\Fill5MinutesData.csproj", "{57C44300-AC27-4D50-A57D-8E16E5F63DD3}"
EndProject
Project("{FAE04EC0-301F-11D3-BF4B-00C04F79EFBC}") = "GetMarketDataFromTDX", "MarketDataSupport\GetMarketDataFromTDX\GetMarketDataFromTDX.csproj", "{5B5AF9ED-BAD3-4DE5-AA9F-2FCBB4225047}"
EndProject
Project("{FAE04EC0-301F-11D3-BF4B-00C04F79EFBC}") = "MarketDataSupport", "MarketDataSupport\MarketDataSupport\MarketDataSupport.csproj", "{AD38CA11-4C5C-4A52-B822-22E9329D34EE}"
EndProject
Project("{FAE04EC0-301F-11D3-BF4B-00C04F79EFBC}") = "UUBacktesting", "UUBacktesting\UUBacktesting.csproj", "{99D9443F-2995-4239-AC64-55CEFC021831}"
EndProject
Project("{FAE04EC0-301F-11D3-BF4B-00C04F79EFBC}") = "HighPriceStrategy", "Strategies\HighPriceStrategy\HighPriceStrategy.csproj", "{90EC2D9F-D55E-402C-8372-D36AF39021A4}"
EndProject
Project("{FAE04EC0-301F-11D3-BF4B-00C04F79EFBC}") = "RSICondition", "Conditions\RSICondition\RSICondition.csproj", "{069E27FB-CDEE-477D-918C-C11CBE214C87}"
EndProject
Project("{FAE04EC0-301F-11D3-BF4B-00C04F79EFBC}") = "CommonIndicatorCondition", "Conditions\CommonIndicator\CommonIndicatorCondition\CommonIndicatorCondition.csproj", "{7708CE0F-A75D-46CB-B4CA-7390C1E6DF11}"
EndProject
Project("{FAE04EC0-301F-11D3-BF4B-00C04F79EFBC}") = "PriceNeutralCondition", "Conditions\PriceNeutral\PriceNeutralCondition.csproj", "{40F56C84-14F6-4013-A2A4-A460B901DDA9}"
EndProject
Project("{FAE04EC0-301F-11D3-BF4B-00C04F79EFBC}") = "CCICondition", "Conditions\CCICondition\CCICondition.csproj", "{8EFCE666-DD8D-4472-8083-99D644935FD2}"
EndProject
Project("{FAE04EC0-301F-11D3-BF4B-00C04F79EFBC}") = "MACrossPredicateCondition", "Conditions\MACrossPredicateCondition\MACrossPredicateCondition.csproj", "{65D12D27-1037-4D0A-A8F7-F347B446B466}"
EndProject
Project("{FAE04EC0-301F-11D3-BF4B-00C04F79EFBC}") = "DistributionAnalyseCondition", "Conditions\DistributionCondition\DistributionAnalyseCondition.csproj", "{44F8928B-BF0F-40B5-9353-00483E3795D9}"
EndProject
Project("{2150E333-8FDC-42A3-9474-1A3956D46DE8}") = "RiskControl", "RiskControl", "{CB317A8F-EA5B-4964-90CA-C2EAE306854A}"
EndProject
Global
	GlobalSection(SolutionConfigurationPlatforms) = preSolution
		Debug|Any CPU = Debug|Any CPU
		Release|Any CPU = Release|Any CPU
	EndGlobalSection
	GlobalSection(ProjectConfigurationPlatforms) = postSolution
		{89631850-33C2-4C88-AC09-D8469DB3E900}.Debug|Any CPU.ActiveCfg = Debug|Any CPU
		{89631850-33C2-4C88-AC09-D8469DB3E900}.Debug|Any CPU.Build.0 = Debug|Any CPU
		{89631850-33C2-4C88-AC09-D8469DB3E900}.Release|Any CPU.ActiveCfg = Release|Any CPU
		{89631850-33C2-4C88-AC09-D8469DB3E900}.Release|Any CPU.Build.0 = Release|Any CPU
		{356D766F-F92C-41E9-93F3-DE6599B96955}.Debug|Any CPU.ActiveCfg = Debug|Any CPU
		{356D766F-F92C-41E9-93F3-DE6599B96955}.Debug|Any CPU.Build.0 = Debug|Any CPU
		{356D766F-F92C-41E9-93F3-DE6599B96955}.Release|Any CPU.ActiveCfg = Release|Any CPU
		{356D766F-F92C-41E9-93F3-DE6599B96955}.Release|Any CPU.Build.0 = Release|Any CPU
		{A184933B-92C1-44FB-BE21-AE742BE5B8CE}.Debug|Any CPU.ActiveCfg = Debug|Any CPU
		{A184933B-92C1-44FB-BE21-AE742BE5B8CE}.Debug|Any CPU.Build.0 = Debug|Any CPU
		{A184933B-92C1-44FB-BE21-AE742BE5B8CE}.Release|Any CPU.ActiveCfg = Release|Any CPU
		{A184933B-92C1-44FB-BE21-AE742BE5B8CE}.Release|Any CPU.Build.0 = Release|Any CPU
		{D95EA682-2ECD-42E6-9A19-4098828A07B0}.Debug|Any CPU.ActiveCfg = Debug|Any CPU
		{D95EA682-2ECD-42E6-9A19-4098828A07B0}.Debug|Any CPU.Build.0 = Debug|Any CPU
		{D95EA682-2ECD-42E6-9A19-4098828A07B0}.Release|Any CPU.ActiveCfg = Release|Any CPU
		{D95EA682-2ECD-42E6-9A19-4098828A07B0}.Release|Any CPU.Build.0 = Release|Any CPU
		{4AB9468D-C727-4453-BB7C-73664849EC13}.Debug|Any CPU.ActiveCfg = Debug|Any CPU
		{4AB9468D-C727-4453-BB7C-73664849EC13}.Debug|Any CPU.Build.0 = Debug|Any CPU
		{4AB9468D-C727-4453-BB7C-73664849EC13}.Release|Any CPU.ActiveCfg = Release|Any CPU
		{4AB9468D-C727-4453-BB7C-73664849EC13}.Release|Any CPU.Build.0 = Release|Any CPU
		{E3E3B04A-ED22-4E2B-A638-6037F61D5236}.Debug|Any CPU.ActiveCfg = Debug|Any CPU
		{E3E3B04A-ED22-4E2B-A638-6037F61D5236}.Debug|Any CPU.Build.0 = Debug|Any CPU
		{E3E3B04A-ED22-4E2B-A638-6037F61D5236}.Release|Any CPU.ActiveCfg = Release|Any CPU
		{E3E3B04A-ED22-4E2B-A638-6037F61D5236}.Release|Any CPU.Build.0 = Release|Any CPU
		{A07AA5C9-9E56-4AF5-ACDD-E77BA42D1138}.Debug|Any CPU.ActiveCfg = Debug|Any CPU
		{A07AA5C9-9E56-4AF5-ACDD-E77BA42D1138}.Debug|Any CPU.Build.0 = Debug|Any CPU
		{A07AA5C9-9E56-4AF5-ACDD-E77BA42D1138}.Release|Any CPU.ActiveCfg = Release|Any CPU
		{A07AA5C9-9E56-4AF5-ACDD-E77BA42D1138}.Release|Any CPU.Build.0 = Release|Any CPU
		{CBD8C622-0FDE-42E8-9B63-EB30C9C6ACDC}.Debug|Any CPU.ActiveCfg = Debug|Any CPU
		{CBD8C622-0FDE-42E8-9B63-EB30C9C6ACDC}.Debug|Any CPU.Build.0 = Debug|Any CPU
		{CBD8C622-0FDE-42E8-9B63-EB30C9C6ACDC}.Release|Any CPU.ActiveCfg = Release|Any CPU
		{CBD8C622-0FDE-42E8-9B63-EB30C9C6ACDC}.Release|Any CPU.Build.0 = Release|Any CPU
		{C7F3E680-75E2-4F70-8AFC-4E848E349415}.Debug|Any CPU.ActiveCfg = Debug|Any CPU
		{C7F3E680-75E2-4F70-8AFC-4E848E349415}.Debug|Any CPU.Build.0 = Debug|Any CPU
		{C7F3E680-75E2-4F70-8AFC-4E848E349415}.Release|Any CPU.ActiveCfg = Release|Any CPU
		{C7F3E680-75E2-4F70-8AFC-4E848E349415}.Release|Any CPU.Build.0 = Release|Any CPU
		{7E5D156A-D34D-459D-A745-B04DA116E287}.Debug|Any CPU.ActiveCfg = Debug|Any CPU
		{7E5D156A-D34D-459D-A745-B04DA116E287}.Debug|Any CPU.Build.0 = Debug|Any CPU
		{7E5D156A-D34D-459D-A745-B04DA116E287}.Release|Any CPU.ActiveCfg = Release|Any CPU
		{7E5D156A-D34D-459D-A745-B04DA116E287}.Release|Any CPU.Build.0 = Release|Any CPU
		{97439902-1314-4A60-AD3E-28BC709522EE}.Debug|Any CPU.ActiveCfg = Debug|Any CPU
		{97439902-1314-4A60-AD3E-28BC709522EE}.Debug|Any CPU.Build.0 = Debug|Any CPU
		{97439902-1314-4A60-AD3E-28BC709522EE}.Release|Any CPU.ActiveCfg = Release|Any CPU
		{97439902-1314-4A60-AD3E-28BC709522EE}.Release|Any CPU.Build.0 = Release|Any CPU
		{57C44300-AC27-4D50-A57D-8E16E5F63DD3}.Debug|Any CPU.ActiveCfg = Debug|Any CPU
		{57C44300-AC27-4D50-A57D-8E16E5F63DD3}.Debug|Any CPU.Build.0 = Debug|Any CPU
		{57C44300-AC27-4D50-A57D-8E16E5F63DD3}.Release|Any CPU.ActiveCfg = Release|Any CPU
		{57C44300-AC27-4D50-A57D-8E16E5F63DD3}.Release|Any CPU.Build.0 = Release|Any CPU
		{5B5AF9ED-BAD3-4DE5-AA9F-2FCBB4225047}.Debug|Any CPU.ActiveCfg = Debug|Any CPU
		{5B5AF9ED-BAD3-4DE5-AA9F-2FCBB4225047}.Debug|Any CPU.Build.0 = Debug|Any CPU
		{5B5AF9ED-BAD3-4DE5-AA9F-2FCBB4225047}.Release|Any CPU.ActiveCfg = Release|Any CPU
		{5B5AF9ED-BAD3-4DE5-AA9F-2FCBB4225047}.Release|Any CPU.Build.0 = Release|Any CPU
		{AD38CA11-4C5C-4A52-B822-22E9329D34EE}.Debug|Any CPU.ActiveCfg = Debug|Any CPU
		{AD38CA11-4C5C-4A52-B822-22E9329D34EE}.Debug|Any CPU.Build.0 = Debug|Any CPU
		{AD38CA11-4C5C-4A52-B822-22E9329D34EE}.Release|Any CPU.ActiveCfg = Release|Any CPU
		{AD38CA11-4C5C-4A52-B822-22E9329D34EE}.Release|Any CPU.Build.0 = Release|Any CPU
		{99D9443F-2995-4239-AC64-55CEFC021831}.Debug|Any CPU.ActiveCfg = Debug|Any CPU
		{99D9443F-2995-4239-AC64-55CEFC021831}.Debug|Any CPU.Build.0 = Debug|Any CPU
		{99D9443F-2995-4239-AC64-55CEFC021831}.Release|Any CPU.ActiveCfg = Release|Any CPU
		{99D9443F-2995-4239-AC64-55CEFC021831}.Release|Any CPU.Build.0 = Release|Any CPU
		{90EC2D9F-D55E-402C-8372-D36AF39021A4}.Debug|Any CPU.ActiveCfg = Debug|Any CPU
		{90EC2D9F-D55E-402C-8372-D36AF39021A4}.Debug|Any CPU.Build.0 = Debug|Any CPU
		{90EC2D9F-D55E-402C-8372-D36AF39021A4}.Release|Any CPU.ActiveCfg = Release|Any CPU
		{90EC2D9F-D55E-402C-8372-D36AF39021A4}.Release|Any CPU.Build.0 = Release|Any CPU
		{069E27FB-CDEE-477D-918C-C11CBE214C87}.Debug|Any CPU.ActiveCfg = Debug|Any CPU
		{069E27FB-CDEE-477D-918C-C11CBE214C87}.Debug|Any CPU.Build.0 = Debug|Any CPU
		{069E27FB-CDEE-477D-918C-C11CBE214C87}.Release|Any CPU.ActiveCfg = Release|Any CPU
		{069E27FB-CDEE-477D-918C-C11CBE214C87}.Release|Any CPU.Build.0 = Release|Any CPU
		{7708CE0F-A75D-46CB-B4CA-7390C1E6DF11}.Debug|Any CPU.ActiveCfg = Debug|Any CPU
		{7708CE0F-A75D-46CB-B4CA-7390C1E6DF11}.Debug|Any CPU.Build.0 = Debug|Any CPU
		{7708CE0F-A75D-46CB-B4CA-7390C1E6DF11}.Release|Any CPU.ActiveCfg = Release|Any CPU
		{7708CE0F-A75D-46CB-B4CA-7390C1E6DF11}.Release|Any CPU.Build.0 = Release|Any CPU
		{40F56C84-14F6-4013-A2A4-A460B901DDA9}.Debug|Any CPU.ActiveCfg = Debug|Any CPU
		{40F56C84-14F6-4013-A2A4-A460B901DDA9}.Debug|Any CPU.Build.0 = Debug|Any CPU
		{40F56C84-14F6-4013-A2A4-A460B901DDA9}.Release|Any CPU.ActiveCfg = Release|Any CPU
		{40F56C84-14F6-4013-A2A4-A460B901DDA9}.Release|Any CPU.Build.0 = Release|Any CPU
		{8EFCE666-DD8D-4472-8083-99D644935FD2}.Debug|Any CPU.ActiveCfg = Debug|Any CPU
		{8EFCE666-DD8D-4472-8083-99D644935FD2}.Debug|Any CPU.Build.0 = Debug|Any CPU
		{8EFCE666-DD8D-4472-8083-99D644935FD2}.Release|Any CPU.ActiveCfg = Release|Any CPU
		{8EFCE666-DD8D-4472-8083-99D644935FD2}.Release|Any CPU.Build.0 = Release|Any CPU
		{65D12D27-1037-4D0A-A8F7-F347B446B466}.Debug|Any CPU.ActiveCfg = Debug|Any CPU
		{65D12D27-1037-4D0A-A8F7-F347B446B466}.Debug|Any CPU.Build.0 = Debug|Any CPU
		{65D12D27-1037-4D0A-A8F7-F347B446B466}.Release|Any CPU.ActiveCfg = Release|Any CPU
		{65D12D27-1037-4D0A-A8F7-F347B446B466}.Release|Any CPU.Build.0 = Release|Any CPU
		{44F8928B-BF0F-40B5-9353-00483E3795D9}.Debug|Any CPU.ActiveCfg = Debug|Any CPU
		{44F8928B-BF0F-40B5-9353-00483E3795D9}.Debug|Any CPU.Build.0 = Debug|Any CPU
		{44F8928B-BF0F-40B5-9353-00483E3795D9}.Release|Any CPU.ActiveCfg = Release|Any CPU
		{44F8928B-BF0F-40B5-9353-00483E3795D9}.Release|Any CPU.Build.0 = Release|Any CPU
	EndGlobalSection
	GlobalSection(SolutionProperties) = preSolution
		HideSolutionNode = FALSE
	EndGlobalSection
	GlobalSection(NestedProjects) = preSolution
		{E3E3B04A-ED22-4E2B-A638-6037F61D5236} = {C1465921-64F0-41D7-AC18-BC4BE0943EEB}
		{A07AA5C9-9E56-4AF5-ACDD-E77BA42D1138} = {C1465921-64F0-41D7-AC18-BC4BE0943EEB}
		{CBD8C622-0FDE-42E8-9B63-EB30C9C6ACDC} = {C1465921-64F0-41D7-AC18-BC4BE0943EEB}
		{C7F3E680-75E2-4F70-8AFC-4E848E349415} = {C1465921-64F0-41D7-AC18-BC4BE0943EEB}
		{7E5D156A-D34D-459D-A745-B04DA116E287} = {C1465921-64F0-41D7-AC18-BC4BE0943EEB}
		{97439902-1314-4A60-AD3E-28BC709522EE} = {C1465921-64F0-41D7-AC18-BC4BE0943EEB}
		{57C44300-AC27-4D50-A57D-8E16E5F63DD3} = {0AFCEC5B-5E0D-443B-8C13-4925B0ACA72D}
		{5B5AF9ED-BAD3-4DE5-AA9F-2FCBB4225047} = {0AFCEC5B-5E0D-443B-8C13-4925B0ACA72D}
		{AD38CA11-4C5C-4A52-B822-22E9329D34EE} = {0AFCEC5B-5E0D-443B-8C13-4925B0ACA72D}
		{90EC2D9F-D55E-402C-8372-D36AF39021A4} = {1C4E1D80-235D-4488-87E0-AD60BE8445E5}
		{069E27FB-CDEE-477D-918C-C11CBE214C87} = {C1465921-64F0-41D7-AC18-BC4BE0943EEB}
		{7708CE0F-A75D-46CB-B4CA-7390C1E6DF11} = {C1465921-64F0-41D7-AC18-BC4BE0943EEB}
		{40F56C84-14F6-4013-A2A4-A460B901DDA9} = {C1465921-64F0-41D7-AC18-BC4BE0943EEB}
		{8EFCE666-DD8D-4472-8083-99D644935FD2} = {C1465921-64F0-41D7-AC18-BC4BE0943EEB}
		{65D12D27-1037-4D0A-A8F7-F347B446B466} = {C1465921-64F0-41D7-AC18-BC4BE0943EEB}
		{44F8928B-BF0F-40B5-9353-00483E3795D9} = {C1465921-64F0-41D7-AC18-BC4BE0943EEB}
	EndGlobalSection
	GlobalSection(ExtensibilityGlobals) = postSolution
		SolutionGuid = {06E31226-98E9-434F-B81A-B9007E880A16}
	EndGlobalSection
EndGlobal
